{
  "name": "pro-park",
  "version": "1.0.0",
  "lockfileVersion": 1,
  "requires": true,
  "dependencies": {
    "miniprogram-cancel-token": {
      "version": "5.0.2-beta",
      "resolved": "https://registry.npmjs.org/miniprogram-cancel-token/-/miniprogram-cancel-token-5.0.2-beta.tgz",
      "integrity": "sha512-0HlWQ0MI0iqx4Q80tl+3z8vYyQPgYOte8bj0JfwQ0Dhd8F2p/G4S4x5ZOZPJTj1NekjpokgvjGHdidxTYej7RA=="
    },
    "miniprogram-downloader": {
      "version": "5.0.3",
      "resolved": "https://registry.npmjs.org/miniprogram-downloader/-/miniprogram-downloader-5.0.3.tgz",
      "integrity": "sha512-NVs9wgXSjGa/7FGt4WmcEEjY2QioqOZAz5xhTP+5jF/Ft5CSLjS4lWTP3zw3RvkYRK/Ilr1MkClur2ay6VmvJQ==",
      "requires": {
        "miniprogram-network-life-cycle": "^5.0.3",
        "miniprogram-network-utils": "^5.0.3"
      }
    },
    "miniprogram-network": {
      "version": "5.0.3",
      "resolved": "https://registry.npmjs.org/miniprogram-network/-/miniprogram-network-5.0.3.tgz",
      "integrity": "sha512-26OMaeNSfBrOe3zZfPT4C0T5wTH77Pt3rLL4LoHkyDYrq327I2UopDYMmyUj1Rhvv5cee0uR8RfYP4ouYVG91g==",
      "requires": {
        "miniprogram-downloader": "^5.0.3",
        "miniprogram-network-cache": "^5.0.2-beta",
        "miniprogram-network-utils": "^5.0.3",
        "miniprogram-request": "^5.0.3",
        "miniprogram-uploader": "^5.0.3"
      }
    },
    "miniprogram-network-cache": {
      "version": "5.0.2-beta",
      "resolved": "https://registry.npmjs.org/miniprogram-network-cache/-/miniprogram-network-cache-5.0.2-beta.tgz",
      "integrity": "sha512-SGv0P59JP0jdDhbGJ53TcR1pli3YLdjEuercST9DjIfh4pg06H3oSki5kckBoLzrU28ZafGGqclLmg313Q/XAQ=="
    },
    "miniprogram-network-life-cycle": {
      "version": "5.0.3",
      "resolved": "https://registry.npmjs.org/miniprogram-network-life-cycle/-/miniprogram-network-life-cycle-5.0.3.tgz",
      "integrity": "sha512-ajGxflzRl7qErZ1T+fpDoVY0vJ5o78/Fp9YAHYzxeW4/Jb+JARjp2u0N28zilJtTV2qYBD0iEY58yT3Jr3MRrQ==",
      "requires": {
        "miniprogram-cancel-token": "^5.0.2-beta",
        "miniprogram-network-utils": "^5.0.3"
      }
    },
    "miniprogram-network-utils": {
      "version": "5.0.3",
      "resolved": "https://registry.npmjs.org/miniprogram-network-utils/-/miniprogram-network-utils-5.0.3.tgz",
      "integrity": "sha512-M3/L0cYGGAid35AKbmRXNgeKa7onVwBWwe5P+KyHTby9WDtvouY0txcLpR7uykWC99q2R2k72NIqL3Da6/7PPQ=="
    },
    "miniprogram-request": {
      "version": "5.0.3",
      "resolved": "https://registry.npmjs.org/miniprogram-request/-/miniprogram-request-5.0.3.tgz",
      "integrity": "sha512-r6nug2+ayUWz691vqRp71c7hbd+ZjxiBqK+t6AvXSdT8FwWB9Z8PLkv1vAOrwkUK5wC1Q8dh3VxWxFEKUMWrTQ==",
      "requires": {
        "miniprogram-network-life-cycle": "^5.0.3",
        "miniprogram-network-utils": "^5.0.3"
      }
    },
    "miniprogram-uploader": {
      "version": "5.0.3",
      "resolved": "https://registry.npmjs.org/miniprogram-uploader/-/miniprogram-uploader-5.0.3.tgz",
      "integrity": "sha512-hVLlCZjQu7aic6KpbsRXZwN2ynkvnkwWaAAB3f+UneN4ewZCTDWB8vqAde2dTRUG5HVkw/68X5bn2NLTmvp/ag==",
      "requires": {
        "miniprogram-network-life-cycle": "^5.0.3",
        "miniprogram-network-utils": "^5.0.3"
      }
    }
  }
}
